
Microsoft Visual Studio Solution File, Format Version 12.00
# Visual Studio 15
VisualStudioVersion = 15.0.28307.421
MinimumVisualStudioVersion = 10.0.40219.1
Project("{FAE04EC0-301F-11D3-BF4B-00C04F79EFBC}") = "Challenge2", "Challenge2\Challenge2.csproj", "{1537AA47-73BC-42E4-B2B1-0A0898BA5D1C}"
EndProject
Global
	GlobalSection(SolutionConfigurationPlatforms) = preSolution
		Debug|Any CPU = Debug|Any CPU
		Release|Any CPU = Release|Any CPU
	EndGlobalSection
	GlobalSection(ProjectConfigurationPlatforms) = postSolution
		{1537AA47-73BC-42E4-B2B1-0A0898BA5D1C}.Debug|Any CPU.ActiveCfg = Debug|Any CPU
		{1537AA47-73BC-42E4-B2B1-0A0898BA5D1C}.Debug|Any CPU.Build.0 = Debug|Any CPU
		{1537AA47-73BC-42E4-B2B1-0A0898BA5D1C}.Release|Any CPU.ActiveCfg = Release|Any CPU
		{1537AA47-73BC-42E4-B2B1-0A0898BA5D1C}.Release|Any CPU.Build.0 = Release|Any CPU
	EndGlobalSection
	GlobalSection(SolutionProperties) = preSolution
		HideSolutionNode = FALSE
	EndGlobalSection
	GlobalSection(ExtensibilityGlobals) = postSolution
		SolutionGuid = {7F4E1E88-2F4E-444C-875E-0B0825851526}
	EndGlobalSection
EndGlobal
