
Microsoft Visual Studio Solution File, Format Version 12.00
# Visual Studio 15
VisualStudioVersion = 15.0.28307.421
MinimumVisualStudioVersion = 10.0.40219.1
Project("{FAE04EC0-301F-11D3-BF4B-00C04F79EFBC}") = "Challenge1", "Challenge1\Challenge1.csproj", "{EA04F6EA-9F8F-4144-97D9-5564299D8FE9}"
EndProject
Global
	GlobalSection(SolutionConfigurationPlatforms) = preSolution
		Debug|Any CPU = Debug|Any CPU
		Release|Any CPU = Release|Any CPU
	EndGlobalSection
	GlobalSection(ProjectConfigurationPlatforms) = postSolution
		{EA04F6EA-9F8F-4144-97D9-5564299D8FE9}.Debug|Any CPU.ActiveCfg = Debug|Any CPU
		{EA04F6EA-9F8F-4144-97D9-5564299D8FE9}.Debug|Any CPU.Build.0 = Debug|Any CPU
		{EA04F6EA-9F8F-4144-97D9-5564299D8FE9}.Release|Any CPU.ActiveCfg = Release|Any CPU
		{EA04F6EA-9F8F-4144-97D9-5564299D8FE9}.Release|Any CPU.Build.0 = Release|Any CPU
	EndGlobalSection
	GlobalSection(SolutionProperties) = preSolution
		HideSolutionNode = FALSE
	EndGlobalSection
	GlobalSection(ExtensibilityGlobals) = postSolution
		SolutionGuid = {06A29087-28C3-478D-B71F-08BD67AD5B26}
	EndGlobalSection
EndGlobal
